
Microsoft Visual Studio Solution File, Format Version 12.00
# Visual Studio 2013
VisualStudioVersion = 12.0.21005.1
MinimumVisualStudioVersion = 10.0.40219.1
Project("{FAE04EC0-301F-11D3-BF4B-00C04F79EFBC}") = "MW5.Api", "MW5.Api\MW5.Api.csproj", "{8AAD34B3-8EF3-485F-A04D-ED2C07D8F1DF}"
EndProject
Project("{FAE04EC0-301F-11D3-BF4B-00C04F79EFBC}") = "MW5.GuiTest", "MW5.GuiTest\MW5.GuiTest.csproj", "{757594CB-0699-4931-BF43-35B28E85046E}"
EndProject
Project("{FAE04EC0-301F-11D3-BF4B-00C04F79EFBC}") = "MW5.ConsoleTest", "MW5.ConsoleTest\MW5.ConsoleTest.csproj", "{740CFD6A-F838-46EF-B6A8-8F9FE4FA991F}"
EndProject
Project("{FAE04EC0-301F-11D3-BF4B-00C04F79EFBC}") = "MW5.Mvp", "MW5.Mvp\MW5.Mvp.csproj", "{A8D9AB62-5BA6-46CF-B3E7-51DA79CD3860}"
EndProject
Project("{FAE04EC0-301F-11D3-BF4B-00C04F79EFBC}") = "MW5.Plugins", "MW5.Plugins\MW5.Plugins.csproj", "{76644CDF-5165-428D-8419-93C1E978DB1B}"
EndProject
Project("{FAE04EC0-301F-11D3-BF4B-00C04F79EFBC}") = "MW5", "MW5\MW5.csproj", "{BC107A2C-9A23-48C0-A7D5-3C9A03EC8038}"
EndProject
Project("{FAE04EC0-301F-11D3-BF4B-00C04F79EFBC}") = "MW5.ShapeEditor", "Plugins\MW5.ShapeEditor\MW5.ShapeEditor.csproj", "{1B24ECA2-57ED-48D3-9639-7C111C9B817A}"
EndProject
Project("{2150E333-8FDC-42A3-9474-1A3956D46DE8}") = "Plugins", "Plugins", "{9E2D7F0D-69A6-40B8-BCCF-B22EFE7CE4D1}"
EndProject
Project("{2150E333-8FDC-42A3-9474-1A3956D46DE8}") = "Tests", "Tests", "{063A0090-3675-43DB-AA46-C282C643D9DF}"
EndProject
Project("{FAE04EC0-301F-11D3-BF4B-00C04F79EFBC}") = "MW5.UI", "MW5.UI\MW5.UI.csproj", "{784A24F2-9A57-46EE-8945-D87869595216}"
EndProject
Project("{FAE04EC0-301F-11D3-BF4B-00C04F79EFBC}") = "MW5.Core", "MW5.Core\MW5.Core.csproj", "{54BB55DA-DBDC-47E5-8DEC-DE325F35F074}"
EndProject
Project("{2150E333-8FDC-42A3-9474-1A3956D46DE8}") = "Injection", "Injection", "{138339FF-2057-4896-A7EE-EDAB4BAEA2F6}"
EndProject
Project("{FAE04EC0-301F-11D3-BF4B-00C04F79EFBC}") = "MW5.DI.LightInject", "MW5.DI.LightInject\MW5.DI.LightInject.csproj", "{EC2343F2-5130-48CA-B1A2-68E5B4E26EC5}"
EndProject
Project("{FAE04EC0-301F-11D3-BF4B-00C04F79EFBC}") = "MW5.DI.Ninject", "MW5.DI.Ninject\MW5.DI.Ninject.csproj", "{B2B2BE95-1F16-4D90-8F0A-E736DA85D9FD}"
EndProject
Project("{FAE04EC0-301F-11D3-BF4B-00C04F79EFBC}") = "MW5.DI.Unity", "MW5.DI.Unity\MW5.DI.Unity.csproj", "{B99864F7-69EA-431A-A6C4-BD6904DA53AF}"
EndProject
Project("{FAE04EC0-301F-11D3-BF4B-00C04F79EFBC}") = "MW5.DI.Castle", "MW5.DI.Castle\MW5.DI.Castle.csproj", "{193010C4-9BDE-42A3-A960-0B39700A9DE1}"
EndProject
Global
	GlobalSection(SolutionConfigurationPlatforms) = preSolution
		Debug|Any CPU = Debug|Any CPU
		Debug|Mixed Platforms = Debug|Mixed Platforms
		Debug|x86 = Debug|x86
		Release|Any CPU = Release|Any CPU
		Release|Mixed Platforms = Release|Mixed Platforms
		Release|x86 = Release|x86
	EndGlobalSection
	GlobalSection(ProjectConfigurationPlatforms) = postSolution
		{8AAD34B3-8EF3-485F-A04D-ED2C07D8F1DF}.Debug|Any CPU.ActiveCfg = Debug|x86
		{8AAD34B3-8EF3-485F-A04D-ED2C07D8F1DF}.Debug|Any CPU.Build.0 = Debug|x86
		{8AAD34B3-8EF3-485F-A04D-ED2C07D8F1DF}.Debug|Mixed Platforms.ActiveCfg = Debug|x86
		{8AAD34B3-8EF3-485F-A04D-ED2C07D8F1DF}.Debug|Mixed Platforms.Build.0 = Debug|x86
		{8AAD34B3-8EF3-485F-A04D-ED2C07D8F1DF}.Debug|x86.ActiveCfg = Debug|x86
		{8AAD34B3-8EF3-485F-A04D-ED2C07D8F1DF}.Debug|x86.Build.0 = Debug|x86
		{8AAD34B3-8EF3-485F-A04D-ED2C07D8F1DF}.Release|Any CPU.ActiveCfg = Release|Any CPU
		{8AAD34B3-8EF3-485F-A04D-ED2C07D8F1DF}.Release|Any CPU.Build.0 = Release|Any CPU
		{8AAD34B3-8EF3-485F-A04D-ED2C07D8F1DF}.Release|Mixed Platforms.ActiveCfg = Release|x86
		{8AAD34B3-8EF3-485F-A04D-ED2C07D8F1DF}.Release|Mixed Platforms.Build.0 = Release|x86
		{8AAD34B3-8EF3-485F-A04D-ED2C07D8F1DF}.Release|x86.ActiveCfg = Release|x86
		{8AAD34B3-8EF3-485F-A04D-ED2C07D8F1DF}.Release|x86.Build.0 = Release|x86
		{757594CB-0699-4931-BF43-35B28E85046E}.Debug|Any CPU.ActiveCfg = Debug|x86
		{757594CB-0699-4931-BF43-35B28E85046E}.Debug|Any CPU.Build.0 = Debug|x86
		{757594CB-0699-4931-BF43-35B28E85046E}.Debug|Mixed Platforms.ActiveCfg = Debug|x86
		{757594CB-0699-4931-BF43-35B28E85046E}.Debug|Mixed Platforms.Build.0 = Debug|x86
		{757594CB-0699-4931-BF43-35B28E85046E}.Debug|x86.ActiveCfg = Debug|x86
		{757594CB-0699-4931-BF43-35B28E85046E}.Debug|x86.Build.0 = Debug|x86
		{757594CB-0699-4931-BF43-35B28E85046E}.Release|Any CPU.ActiveCfg = Release|Any CPU
		{757594CB-0699-4931-BF43-35B28E85046E}.Release|Any CPU.Build.0 = Release|Any CPU
		{757594CB-0699-4931-BF43-35B28E85046E}.Release|Mixed Platforms.ActiveCfg = Release|x86
		{757594CB-0699-4931-BF43-35B28E85046E}.Release|Mixed Platforms.Build.0 = Release|x86
		{757594CB-0699-4931-BF43-35B28E85046E}.Release|x86.ActiveCfg = Release|x86
		{757594CB-0699-4931-BF43-35B28E85046E}.Release|x86.Build.0 = Release|x86
		{740CFD6A-F838-46EF-B6A8-8F9FE4FA991F}.Debug|Any CPU.ActiveCfg = Debug|x86
		{740CFD6A-F838-46EF-B6A8-8F9FE4FA991F}.Debug|Any CPU.Build.0 = Debug|x86
		{740CFD6A-F838-46EF-B6A8-8F9FE4FA991F}.Debug|Mixed Platforms.ActiveCfg = Debug|x86
		{740CFD6A-F838-46EF-B6A8-8F9FE4FA991F}.Debug|Mixed Platforms.Build.0 = Debug|x86
		{740CFD6A-F838-46EF-B6A8-8F9FE4FA991F}.Debug|x86.ActiveCfg = Debug|x86
		{740CFD6A-F838-46EF-B6A8-8F9FE4FA991F}.Debug|x86.Build.0 = Debug|x86
		{740CFD6A-F838-46EF-B6A8-8F9FE4FA991F}.Release|Any CPU.ActiveCfg = Release|Any CPU
		{740CFD6A-F838-46EF-B6A8-8F9FE4FA991F}.Release|Any CPU.Build.0 = Release|Any CPU
		{740CFD6A-F838-46EF-B6A8-8F9FE4FA991F}.Release|Mixed Platforms.ActiveCfg = Release|x86
		{740CFD6A-F838-46EF-B6A8-8F9FE4FA991F}.Release|Mixed Platforms.Build.0 = Release|x86
		{740CFD6A-F838-46EF-B6A8-8F9FE4FA991F}.Release|x86.ActiveCfg = Release|x86
		{740CFD6A-F838-46EF-B6A8-8F9FE4FA991F}.Release|x86.Build.0 = Release|x86
		{A8D9AB62-5BA6-46CF-B3E7-51DA79CD3860}.Debug|Any CPU.ActiveCfg = Debug|Any CPU
		{A8D9AB62-5BA6-46CF-B3E7-51DA79CD3860}.Debug|Any CPU.Build.0 = Debug|Any CPU
		{A8D9AB62-5BA6-46CF-B3E7-51DA79CD3860}.Debug|Mixed Platforms.ActiveCfg = Debug|x86
		{A8D9AB62-5BA6-46CF-B3E7-51DA79CD3860}.Debug|Mixed Platforms.Build.0 = Debug|x86
		{A8D9AB62-5BA6-46CF-B3E7-51DA79CD3860}.Debug|x86.ActiveCfg = Debug|x86
		{A8D9AB62-5BA6-46CF-B3E7-51DA79CD3860}.Debug|x86.Build.0 = Debug|x86
		{A8D9AB62-5BA6-46CF-B3E7-51DA79CD3860}.Release|Any CPU.ActiveCfg = Release|Any CPU
		{A8D9AB62-5BA6-46CF-B3E7-51DA79CD3860}.Release|Any CPU.Build.0 = Release|Any CPU
		{A8D9AB62-5BA6-46CF-B3E7-51DA79CD3860}.Release|Mixed Platforms.ActiveCfg = Release|Any CPU
		{A8D9AB62-5BA6-46CF-B3E7-51DA79CD3860}.Release|Mixed Platforms.Build.0 = Release|Any CPU
		{A8D9AB62-5BA6-46CF-B3E7-51DA79CD3860}.Release|x86.ActiveCfg = Release|Any CPU
		{76644CDF-5165-428D-8419-93C1E978DB1B}.Debug|Any CPU.ActiveCfg = Debug|Any CPU
		{76644CDF-5165-428D-8419-93C1E978DB1B}.Debug|Any CPU.Build.0 = Debug|Any CPU
		{76644CDF-5165-428D-8419-93C1E978DB1B}.Debug|Mixed Platforms.ActiveCfg = Debug|x86
		{76644CDF-5165-428D-8419-93C1E978DB1B}.Debug|Mixed Platforms.Build.0 = Debug|x86
		{76644CDF-5165-428D-8419-93C1E978DB1B}.Debug|x86.ActiveCfg = Debug|x86
		{76644CDF-5165-428D-8419-93C1E978DB1B}.Debug|x86.Build.0 = Debug|x86
		{76644CDF-5165-428D-8419-93C1E978DB1B}.Release|Any CPU.ActiveCfg = Release|Any CPU
		{76644CDF-5165-428D-8419-93C1E978DB1B}.Release|Any CPU.Build.0 = Release|Any CPU
		{76644CDF-5165-428D-8419-93C1E978DB1B}.Release|Mixed Platforms.ActiveCfg = Release|Any CPU
		{76644CDF-5165-428D-8419-93C1E978DB1B}.Release|Mixed Platforms.Build.0 = Release|Any CPU
		{76644CDF-5165-428D-8419-93C1E978DB1B}.Release|x86.ActiveCfg = Release|Any CPU
		{BC107A2C-9A23-48C0-A7D5-3C9A03EC8038}.Debug|Any CPU.ActiveCfg = Debug|Any CPU
		{BC107A2C-9A23-48C0-A7D5-3C9A03EC8038}.Debug|Any CPU.Build.0 = Debug|Any CPU
		{BC107A2C-9A23-48C0-A7D5-3C9A03EC8038}.Debug|Mixed Platforms.ActiveCfg = Debug|x86
		{BC107A2C-9A23-48C0-A7D5-3C9A03EC8038}.Debug|Mixed Platforms.Build.0 = Debug|x86
		{BC107A2C-9A23-48C0-A7D5-3C9A03EC8038}.Debug|x86.ActiveCfg = Debug|x86
		{BC107A2C-9A23-48C0-A7D5-3C9A03EC8038}.Debug|x86.Build.0 = Debug|x86
		{BC107A2C-9A23-48C0-A7D5-3C9A03EC8038}.Release|Any CPU.ActiveCfg = Release|Any CPU
		{BC107A2C-9A23-48C0-A7D5-3C9A03EC8038}.Release|Any CPU.Build.0 = Release|Any CPU
		{BC107A2C-9A23-48C0-A7D5-3C9A03EC8038}.Release|Mixed Platforms.ActiveCfg = Release|Any CPU
		{BC107A2C-9A23-48C0-A7D5-3C9A03EC8038}.Release|Mixed Platforms.Build.0 = Release|Any CPU
		{BC107A2C-9A23-48C0-A7D5-3C9A03EC8038}.Release|x86.ActiveCfg = Release|Any CPU
		{1B24ECA2-57ED-48D3-9639-7C111C9B817A}.Debug|Any CPU.ActiveCfg = Debug|Any CPU
		{1B24ECA2-57ED-48D3-9639-7C111C9B817A}.Debug|Any CPU.Build.0 = Debug|Any CPU
		{1B24ECA2-57ED-48D3-9639-7C111C9B817A}.Debug|Mixed Platforms.ActiveCfg = Debug|x86
		{1B24ECA2-57ED-48D3-9639-7C111C9B817A}.Debug|Mixed Platforms.Build.0 = Debug|x86
		{1B24ECA2-57ED-48D3-9639-7C111C9B817A}.Debug|x86.ActiveCfg = Debug|x86
		{1B24ECA2-57ED-48D3-9639-7C111C9B817A}.Debug|x86.Build.0 = Debug|x86
		{1B24ECA2-57ED-48D3-9639-7C111C9B817A}.Release|Any CPU.ActiveCfg = Release|Any CPU
		{1B24ECA2-57ED-48D3-9639-7C111C9B817A}.Release|Any CPU.Build.0 = Release|Any CPU
		{1B24ECA2-57ED-48D3-9639-7C111C9B817A}.Release|Mixed Platforms.ActiveCfg = Release|Any CPU
		{1B24ECA2-57ED-48D3-9639-7C111C9B817A}.Release|Mixed Platforms.Build.0 = Release|Any CPU
		{1B24ECA2-57ED-48D3-9639-7C111C9B817A}.Release|x86.ActiveCfg = Release|Any CPU
		{784A24F2-9A57-46EE-8945-D87869595216}.Debug|Any CPU.ActiveCfg = Debug|Any CPU
		{784A24F2-9A57-46EE-8945-D87869595216}.Debug|Any CPU.Build.0 = Debug|Any CPU
		{784A24F2-9A57-46EE-8945-D87869595216}.Debug|Mixed Platforms.ActiveCfg = Debug|x86
		{784A24F2-9A57-46EE-8945-D87869595216}.Debug|Mixed Platforms.Build.0 = Debug|x86
		{784A24F2-9A57-46EE-8945-D87869595216}.Debug|x86.ActiveCfg = Debug|Any CPU
		{784A24F2-9A57-46EE-8945-D87869595216}.Release|Any CPU.ActiveCfg = Release|Any CPU
		{784A24F2-9A57-46EE-8945-D87869595216}.Release|Any CPU.Build.0 = Release|Any CPU
		{784A24F2-9A57-46EE-8945-D87869595216}.Release|Mixed Platforms.ActiveCfg = Release|Any CPU
		{784A24F2-9A57-46EE-8945-D87869595216}.Release|Mixed Platforms.Build.0 = Release|Any CPU
		{784A24F2-9A57-46EE-8945-D87869595216}.Release|x86.ActiveCfg = Release|Any CPU
		{54BB55DA-DBDC-47E5-8DEC-DE325F35F074}.Debug|Any CPU.ActiveCfg = Debug|Any CPU
		{54BB55DA-DBDC-47E5-8DEC-DE325F35F074}.Debug|Any CPU.Build.0 = Debug|Any CPU
		{54BB55DA-DBDC-47E5-8DEC-DE325F35F074}.Debug|Mixed Platforms.ActiveCfg = Debug|x86
		{54BB55DA-DBDC-47E5-8DEC-DE325F35F074}.Debug|Mixed Platforms.Build.0 = Debug|x86
		{54BB55DA-DBDC-47E5-8DEC-DE325F35F074}.Debug|x86.ActiveCfg = Debug|Any CPU
		{54BB55DA-DBDC-47E5-8DEC-DE325F35F074}.Release|Any CPU.ActiveCfg = Release|Any CPU
		{54BB55DA-DBDC-47E5-8DEC-DE325F35F074}.Release|Any CPU.Build.0 = Release|Any CPU
		{54BB55DA-DBDC-47E5-8DEC-DE325F35F074}.Release|Mixed Platforms.ActiveCfg = Release|Any CPU
		{54BB55DA-DBDC-47E5-8DEC-DE325F35F074}.Release|Mixed Platforms.Build.0 = Release|Any CPU
		{54BB55DA-DBDC-47E5-8DEC-DE325F35F074}.Release|x86.ActiveCfg = Release|Any CPU
		{EC2343F2-5130-48CA-B1A2-68E5B4E26EC5}.Debug|Any CPU.ActiveCfg = Debug|Any CPU
		{EC2343F2-5130-48CA-B1A2-68E5B4E26EC5}.Debug|Any CPU.Build.0 = Debug|Any CPU
		{EC2343F2-5130-48CA-B1A2-68E5B4E26EC5}.Debug|Mixed Platforms.ActiveCfg = Debug|x86
		{EC2343F2-5130-48CA-B1A2-68E5B4E26EC5}.Debug|Mixed Platforms.Build.0 = Debug|x86
		{EC2343F2-5130-48CA-B1A2-68E5B4E26EC5}.Debug|x86.ActiveCfg = Debug|Any CPU
		{EC2343F2-5130-48CA-B1A2-68E5B4E26EC5}.Release|Any CPU.ActiveCfg = Release|Any CPU
		{EC2343F2-5130-48CA-B1A2-68E5B4E26EC5}.Release|Any CPU.Build.0 = Release|Any CPU
		{EC2343F2-5130-48CA-B1A2-68E5B4E26EC5}.Release|Mixed Platforms.ActiveCfg = Release|Any CPU
		{EC2343F2-5130-48CA-B1A2-68E5B4E26EC5}.Release|Mixed Platforms.Build.0 = Release|Any CPU
		{EC2343F2-5130-48CA-B1A2-68E5B4E26EC5}.Release|x86.ActiveCfg = Release|Any CPU
		{B2B2BE95-1F16-4D90-8F0A-E736DA85D9FD}.Debug|Any CPU.ActiveCfg = Debug|Any CPU
		{B2B2BE95-1F16-4D90-8F0A-E736DA85D9FD}.Debug|Any CPU.Build.0 = Debug|Any CPU
		{B2B2BE95-1F16-4D90-8F0A-E736DA85D9FD}.Debug|Mixed Platforms.ActiveCfg = Debug|x86
		{B2B2BE95-1F16-4D90-8F0A-E736DA85D9FD}.Debug|Mixed Platforms.Build.0 = Debug|x86
		{B2B2BE95-1F16-4D90-8F0A-E736DA85D9FD}.Debug|x86.ActiveCfg = Debug|Any CPU
		{B2B2BE95-1F16-4D90-8F0A-E736DA85D9FD}.Release|Any CPU.ActiveCfg = Release|Any CPU
		{B2B2BE95-1F16-4D90-8F0A-E736DA85D9FD}.Release|Any CPU.Build.0 = Release|Any CPU
		{B2B2BE95-1F16-4D90-8F0A-E736DA85D9FD}.Release|Mixed Platforms.ActiveCfg = Release|Any CPU
		{B2B2BE95-1F16-4D90-8F0A-E736DA85D9FD}.Release|Mixed Platforms.Build.0 = Release|Any CPU
		{B2B2BE95-1F16-4D90-8F0A-E736DA85D9FD}.Release|x86.ActiveCfg = Release|Any CPU
		{B99864F7-69EA-431A-A6C4-BD6904DA53AF}.Debug|Any CPU.ActiveCfg = Debug|Any CPU
		{B99864F7-69EA-431A-A6C4-BD6904DA53AF}.Debug|Any CPU.Build.0 = Debug|Any CPU
		{B99864F7-69EA-431A-A6C4-BD6904DA53AF}.Debug|Mixed Platforms.ActiveCfg = Debug|x86
		{B99864F7-69EA-431A-A6C4-BD6904DA53AF}.Debug|Mixed Platforms.Build.0 = Debug|x86
		{B99864F7-69EA-431A-A6C4-BD6904DA53AF}.Debug|x86.ActiveCfg = Debug|Any CPU
		{B99864F7-69EA-431A-A6C4-BD6904DA53AF}.Release|Any CPU.ActiveCfg = Release|Any CPU
		{B99864F7-69EA-431A-A6C4-BD6904DA53AF}.Release|Any CPU.Build.0 = Release|Any CPU
		{B99864F7-69EA-431A-A6C4-BD6904DA53AF}.Release|Mixed Platforms.ActiveCfg = Release|Any CPU
		{B99864F7-69EA-431A-A6C4-BD6904DA53AF}.Release|Mixed Platforms.Build.0 = Release|Any CPU
		{B99864F7-69EA-431A-A6C4-BD6904DA53AF}.Release|x86.ActiveCfg = Release|Any CPU
		{193010C4-9BDE-42A3-A960-0B39700A9DE1}.Debug|Any CPU.ActiveCfg = Debug|Any CPU
		{193010C4-9BDE-42A3-A960-0B39700A9DE1}.Debug|Any CPU.Build.0 = Debug|Any CPU
		{193010C4-9BDE-42A3-A960-0B39700A9DE1}.Debug|Mixed Platforms.ActiveCfg = Debug|x86
		{193010C4-9BDE-42A3-A960-0B39700A9DE1}.Debug|Mixed Platforms.Build.0 = Debug|x86
		{193010C4-9BDE-42A3-A960-0B39700A9DE1}.Debug|x86.ActiveCfg = Debug|Any CPU
		{193010C4-9BDE-42A3-A960-0B39700A9DE1}.Release|Any CPU.ActiveCfg = Release|Any CPU
		{193010C4-9BDE-42A3-A960-0B39700A9DE1}.Release|Any CPU.Build.0 = Release|Any CPU
		{193010C4-9BDE-42A3-A960-0B39700A9DE1}.Release|Mixed Platforms.ActiveCfg = Release|Any CPU
		{193010C4-9BDE-42A3-A960-0B39700A9DE1}.Release|Mixed Platforms.Build.0 = Release|Any CPU
		{193010C4-9BDE-42A3-A960-0B39700A9DE1}.Release|x86.ActiveCfg = Release|Any CPU
	EndGlobalSection
	GlobalSection(SolutionProperties) = preSolution
		HideSolutionNode = FALSE
	EndGlobalSection
	GlobalSection(NestedProjects) = preSolution
		{740CFD6A-F838-46EF-B6A8-8F9FE4FA991F} = {063A0090-3675-43DB-AA46-C282C643D9DF}
		{757594CB-0699-4931-BF43-35B28E85046E} = {063A0090-3675-43DB-AA46-C282C643D9DF}
		{1B24ECA2-57ED-48D3-9639-7C111C9B817A} = {9E2D7F0D-69A6-40B8-BCCF-B22EFE7CE4D1}
		{EC2343F2-5130-48CA-B1A2-68E5B4E26EC5} = {138339FF-2057-4896-A7EE-EDAB4BAEA2F6}
		{B2B2BE95-1F16-4D90-8F0A-E736DA85D9FD} = {138339FF-2057-4896-A7EE-EDAB4BAEA2F6}
		{B99864F7-69EA-431A-A6C4-BD6904DA53AF} = {138339FF-2057-4896-A7EE-EDAB4BAEA2F6}
		{193010C4-9BDE-42A3-A960-0B39700A9DE1} = {138339FF-2057-4896-A7EE-EDAB4BAEA2F6}
	EndGlobalSection
EndGlobal
