
Microsoft Visual Studio Solution File, Format Version 12.00
# Visual Studio 15
VisualStudioVersion = 15.0.28307.1169
MinimumVisualStudioVersion = 10.0.40219.1
Project("{FAE04EC0-301F-11D3-BF4B-00C04F79EFBC}") = "MW5.Api", "MW5.Api\MW5.Api.csproj", "{8AAD34B3-8EF3-485F-A04D-ED2C07D8F1DF}"
EndProject
Project("{FAE04EC0-301F-11D3-BF4B-00C04F79EFBC}") = "MW5.Plugins", "MW5.Plugins\MW5.Plugins.csproj", "{76644CDF-5165-428D-8419-93C1E978DB1B}"
EndProject
Project("{FAE04EC0-301F-11D3-BF4B-00C04F79EFBC}") = "MW5", "MW5\MW5.csproj", "{BC107A2C-9A23-48C0-A7D5-3C9A03EC8038}"
	ProjectSection(ProjectDependencies) = postProject
		{F410C458-610D-4C33-BDA8-93EFFCEBB0C5} = {F410C458-610D-4C33-BDA8-93EFFCEBB0C5}
		{2F64E258-741E-42E2-919D-63F4855F0115} = {2F64E258-741E-42E2-919D-63F4855F0115}
		{CD714868-A96A-41E6-8679-DBB28E04B349} = {CD714868-A96A-41E6-8679-DBB28E04B349}
		{C364E06F-9A33-4BAE-8C19-E9CEE95A1205} = {C364E06F-9A33-4BAE-8C19-E9CEE95A1205}
		{1F3B6C70-7250-430A-98AE-4255560F9EB6} = {1F3B6C70-7250-430A-98AE-4255560F9EB6}
		{207ACB9D-605C-4FB0-8BFE-3E07FBA93188} = {207ACB9D-605C-4FB0-8BFE-3E07FBA93188}
		{1B24ECA2-57ED-48D3-9639-7C111C9B817A} = {1B24ECA2-57ED-48D3-9639-7C111C9B817A}
		{01A845C6-D391-4258-81B0-C6ABF23D3364} = {01A845C6-D391-4258-81B0-C6ABF23D3364}
		{9D084FD3-2BA3-4ECF-891C-87772345D7E8} = {9D084FD3-2BA3-4ECF-891C-87772345D7E8}
		{1BD04FE1-16AD-41F9-8F80-485925E407DD} = {1BD04FE1-16AD-41F9-8F80-485925E407DD}
		{D6AD6FF4-56BC-4929-9AF7-256D0E5A5F0D} = {D6AD6FF4-56BC-4929-9AF7-256D0E5A5F0D}
	EndProjectSection
EndProject
Project("{FAE04EC0-301F-11D3-BF4B-00C04F79EFBC}") = "MW5.ShapeEditor", "Plugins\MW5.ShapeEditor\MW5.ShapeEditor.csproj", "{1B24ECA2-57ED-48D3-9639-7C111C9B817A}"
EndProject
Project("{2150E333-8FDC-42A3-9474-1A3956D46DE8}") = "Plugins", "Plugins", "{9E2D7F0D-69A6-40B8-BCCF-B22EFE7CE4D1}"
EndProject
Project("{2150E333-8FDC-42A3-9474-1A3956D46DE8}") = "Tests", "Tests", "{063A0090-3675-43DB-AA46-C282C643D9DF}"
EndProject
Project("{FAE04EC0-301F-11D3-BF4B-00C04F79EFBC}") = "MW5.UI", "MW5.UI\MW5.UI.csproj", "{784A24F2-9A57-46EE-8945-D87869595216}"
EndProject
Project("{FAE04EC0-301F-11D3-BF4B-00C04F79EFBC}") = "MW5.Services", "MW5.Services\MW5.Services.csproj", "{54BB55DA-DBDC-47E5-8DEC-DE325F35F074}"
EndProject
Project("{2150E333-8FDC-42A3-9474-1A3956D46DE8}") = "Injection", "Injection", "{138339FF-2057-4896-A7EE-EDAB4BAEA2F6}"
EndProject
Project("{FAE04EC0-301F-11D3-BF4B-00C04F79EFBC}") = "MW5.DI.Castle", "MW5.DI\MW5.DI.Castle\MW5.DI.Castle.csproj", "{193010C4-9BDE-42A3-A960-0B39700A9DE1}"
EndProject
Project("{FAE04EC0-301F-11D3-BF4B-00C04F79EFBC}") = "MW5.Test", "..\test\MW5.Test\MW5.Test.csproj", "{D48B6E30-3A26-4D99-8747-21F65C358D84}"
EndProject
Project("{FAE04EC0-301F-11D3-BF4B-00C04F79EFBC}") = "MW5.API.Test", "..\test\MW5.Api.Test\MW5.API.Test.csproj", "{740CFD6A-F838-46EF-B6A8-8F9FE4FA991F}"
EndProject
Project("{FAE04EC0-301F-11D3-BF4B-00C04F79EFBC}") = "MW5.Symbology", "Plugins\MW5.Symbology\MW5.Symbology.csproj", "{1BD04FE1-16AD-41F9-8F80-485925E407DD}"
EndProject
Project("{FAE04EC0-301F-11D3-BF4B-00C04F79EFBC}") = "MW5.TemplatePlugin", "Plugins\MW5.TemplatePlugin\MW5.TemplatePlugin.csproj", "{9D084FD3-2BA3-4ECF-891C-87772345D7E8}"
EndProject
Project("{2150E333-8FDC-42A3-9474-1A3956D46DE8}") = "Solution Items", "Solution Items", "{95C7DCB0-AE75-43B7-9299-A9184E022EE5}"
	ProjectSection(SolutionItems) = preProject
		SolutionItems\MW5.TemplatePlugin.zip = SolutionItems\MW5.TemplatePlugin.zip
		postbuild.bat = postbuild.bat
		postbuild_x64.bat = postbuild_x64.bat
		SolutionItems\ReleaseNotes.rtf = SolutionItems\ReleaseNotes.rtf
		SolutionItems\SolutionInfoCore.cs = SolutionItems\SolutionInfoCore.cs
		SolutionItems\SolutionInfoPlugins.cs = SolutionItems\SolutionInfoPlugins.cs
		SolutionItems\Template-How-To.txt = SolutionItems\Template-How-To.txt
	EndProjectSection
EndProject
Project("{FAE04EC0-301F-11D3-BF4B-00C04F79EFBC}") = "MW5.Identifier", "Plugins\MW5.Identifier\MW5.Identifier.csproj", "{D6AD6FF4-56BC-4929-9AF7-256D0E5A5F0D}"
EndProject
Project("{FAE04EC0-301F-11D3-BF4B-00C04F79EFBC}") = "MW5.DebugWindow", "Plugins\MW5.DebugWindow\MW5.DebugWindow.csproj", "{C364E06F-9A33-4BAE-8C19-E9CEE95A1205}"
EndProject
Project("{FAE04EC0-301F-11D3-BF4B-00C04F79EFBC}") = "MW5.TableEditor", "Plugins\MW5.TableEditor\MW5.TableEditor.csproj", "{207ACB9D-605C-4FB0-8BFE-3E07FBA93188}"
EndProject
Project("{2150E333-8FDC-42A3-9474-1A3956D46DE8}") = "Utility", "Utility", "{C8A7CACA-CF3D-4B3F-8519-A6661479DAC8}"
EndProject
Project("{FAE04EC0-301F-11D3-BF4B-00C04F79EFBC}") = "MW5.Projections", "MW5.Projections\MW5.Projections.csproj", "{DD259453-611A-4AD5-878E-385CB2C89DF5}"
EndProject
Project("{FAE04EC0-301F-11D3-BF4B-00C04F79EFBC}") = "MW5.Toolbox", "Plugins\MW5.Toolbox\MW5.Toolbox.csproj", "{1F3B6C70-7250-430A-98AE-4255560F9EB6}"
EndProject
Project("{FAE04EC0-301F-11D3-BF4B-00C04F79EFBC}") = "MW5.Data", "MW5.Data\MW5.Data.csproj", "{12476697-03B6-4944-92C1-AE7214A13F0B}"
EndProject
Project("{FAE04EC0-301F-11D3-BF4B-00C04F79EFBC}") = "MW5.Shared", "MW5.Shared\MW5.Shared.csproj", "{79400594-DE0D-4FFD-B115-AF2AEAC79CD9}"
EndProject
Project("{FAE04EC0-301F-11D3-BF4B-00C04F79EFBC}") = "MW5.Tools", "MW5.Tools\MW5.Tools.csproj", "{FB836BB0-2668-41E6-A4AD-7798B13C327F}"
EndProject
Project("{FAE04EC0-301F-11D3-BF4B-00C04F79EFBC}") = "MW5.Repository", "Plugins\MW5.Repository\MW5.Repository.csproj", "{CD714868-A96A-41E6-8679-DBB28E04B349}"
EndProject
Project("{FAE04EC0-301F-11D3-BF4B-00C04F79EFBC}") = "MW5.PostBuild", "MW5.PostBuild\MW5.PostBuild.csproj", "{9ECEB23D-EE57-432E-A180-A73D43218E87}"
EndProject
Project("{FAE04EC0-301F-11D3-BF4B-00C04F79EFBC}") = "MW5.Mvp", "MW5.Mvp\MW5.Mvp.csproj", "{A8D9AB62-5BA6-46CF-B3E7-51DA79CD3860}"
EndProject
Project("{FAE04EC0-301F-11D3-BF4B-00C04F79EFBC}") = "MW5.Attributes", "MW5.Attributes\MW5.Attributes.csproj", "{6AF734F1-2CD0-4636-88E2-EF2DAFA241F8}"
EndProject
Project("{FAE04EC0-301F-11D3-BF4B-00C04F79EFBC}") = "BindingListView", "Utility\BindingListView.csproj", "{75AF36A8-7797-4023-B183-5B63D448420A}"
EndProject
Project("{FAE04EC0-301F-11D3-BF4B-00C04F79EFBC}") = "MW5.Tools.Test", "..\test\MW5.Tools.Test\MW5.Tools.Test.csproj", "{48A39A36-1485-4FB9-A8F3-A7E68FAFC595}"
EndProject
Project("{FAE04EC0-301F-11D3-BF4B-00C04F79EFBC}") = "MW5.Gdal", "MW5.Gdal\MW5.Gdal.csproj", "{ADEEF162-77EB-48ED-AF35-CB6A00C55B42}"
EndProject
Project("{FAE04EC0-301F-11D3-BF4B-00C04F79EFBC}") = "MW5.Tiles", "MW5.Tiles\MW5.Tiles.csproj", "{80AF2BDB-F74A-480F-84C3-913953BAAE67}"
EndProject
Project("{FAE04EC0-301F-11D3-BF4B-00C04F79EFBC}") = "MW5.Printing", "Plugins\MW5.Printing\MW5.Printing.csproj", "{01A845C6-D391-4258-81B0-C6ABF23D3364}"
EndProject
Project("{FAE04EC0-301F-11D3-BF4B-00C04F79EFBC}") = "MW5.ImageRegistration", "Plugins\MW5.ImageRegistration\MW5.ImageRegistration.csproj", "{2F64E258-741E-42E2-919D-63F4855F0115}"
EndProject
Project("{FAE04EC0-301F-11D3-BF4B-00C04F79EFBC}") = "MW5.AdvancedSnapping", "MW5.AdvancedSnapping\MW5.AdvancedSnapping.csproj", "{F410C458-610D-4C33-BDA8-93EFFCEBB0C5}"
EndProject
Project("{FAE04EC0-301F-11D3-BF4B-00C04F79EFBC}") = "MW5.AdvancedSnapping.Test", "..\test\MW5.AdvancedSnapping.Test\MW5.AdvancedSnapping.Test.csproj", "{14ECC1A1-021F-46F4-9C90-247CE49E0ABA}"
EndProject
Global
	GlobalSection(SolutionConfigurationPlatforms) = preSolution
		Debug|Any CPU = Debug|Any CPU
		Debug|x64 = Debug|x64
		Debug|x86 = Debug|x86
		Release|Any CPU = Release|Any CPU
		Release|x64 = Release|x64
		Release|x86 = Release|x86
	EndGlobalSection
	GlobalSection(ProjectConfigurationPlatforms) = postSolution
		{8AAD34B3-8EF3-485F-A04D-ED2C07D8F1DF}.Debug|Any CPU.ActiveCfg = Debug|x86
		{8AAD34B3-8EF3-485F-A04D-ED2C07D8F1DF}.Debug|x64.ActiveCfg = Debug|x64
		{8AAD34B3-8EF3-485F-A04D-ED2C07D8F1DF}.Debug|x64.Build.0 = Debug|x64
		{8AAD34B3-8EF3-485F-A04D-ED2C07D8F1DF}.Debug|x86.ActiveCfg = Debug|x86
		{8AAD34B3-8EF3-485F-A04D-ED2C07D8F1DF}.Debug|x86.Build.0 = Debug|x86
		{8AAD34B3-8EF3-485F-A04D-ED2C07D8F1DF}.Release|Any CPU.ActiveCfg = Release|x86
		{8AAD34B3-8EF3-485F-A04D-ED2C07D8F1DF}.Release|x64.ActiveCfg = Release|x64
		{8AAD34B3-8EF3-485F-A04D-ED2C07D8F1DF}.Release|x64.Build.0 = Release|x64
		{8AAD34B3-8EF3-485F-A04D-ED2C07D8F1DF}.Release|x86.ActiveCfg = Release|x86
		{8AAD34B3-8EF3-485F-A04D-ED2C07D8F1DF}.Release|x86.Build.0 = Release|x86
		{76644CDF-5165-428D-8419-93C1E978DB1B}.Debug|Any CPU.ActiveCfg = Debug|x86
		{76644CDF-5165-428D-8419-93C1E978DB1B}.Debug|x64.ActiveCfg = Debug|x64
		{76644CDF-5165-428D-8419-93C1E978DB1B}.Debug|x64.Build.0 = Debug|x64
		{76644CDF-5165-428D-8419-93C1E978DB1B}.Debug|x86.ActiveCfg = Debug|x86
		{76644CDF-5165-428D-8419-93C1E978DB1B}.Debug|x86.Build.0 = Debug|x86
		{76644CDF-5165-428D-8419-93C1E978DB1B}.Release|Any CPU.ActiveCfg = Release|x86
		{76644CDF-5165-428D-8419-93C1E978DB1B}.Release|x64.ActiveCfg = Release|x64
		{76644CDF-5165-428D-8419-93C1E978DB1B}.Release|x64.Build.0 = Release|x64
		{76644CDF-5165-428D-8419-93C1E978DB1B}.Release|x86.ActiveCfg = Release|x86
		{76644CDF-5165-428D-8419-93C1E978DB1B}.Release|x86.Build.0 = Release|x86
		{BC107A2C-9A23-48C0-A7D5-3C9A03EC8038}.Debug|Any CPU.ActiveCfg = Debug|x86
		{BC107A2C-9A23-48C0-A7D5-3C9A03EC8038}.Debug|x64.ActiveCfg = Debug|x64
		{BC107A2C-9A23-48C0-A7D5-3C9A03EC8038}.Debug|x64.Build.0 = Debug|x64
		{BC107A2C-9A23-48C0-A7D5-3C9A03EC8038}.Debug|x86.ActiveCfg = Debug|x86
		{BC107A2C-9A23-48C0-A7D5-3C9A03EC8038}.Debug|x86.Build.0 = Debug|x86
		{BC107A2C-9A23-48C0-A7D5-3C9A03EC8038}.Release|Any CPU.ActiveCfg = Release|x86
		{BC107A2C-9A23-48C0-A7D5-3C9A03EC8038}.Release|x64.ActiveCfg = Release|x64
		{BC107A2C-9A23-48C0-A7D5-3C9A03EC8038}.Release|x64.Build.0 = Release|x64
		{BC107A2C-9A23-48C0-A7D5-3C9A03EC8038}.Release|x86.ActiveCfg = Release|x86
		{BC107A2C-9A23-48C0-A7D5-3C9A03EC8038}.Release|x86.Build.0 = Release|x86
		{1B24ECA2-57ED-48D3-9639-7C111C9B817A}.Debug|Any CPU.ActiveCfg = Debug|x86
		{1B24ECA2-57ED-48D3-9639-7C111C9B817A}.Debug|x64.ActiveCfg = Debug|x64
		{1B24ECA2-57ED-48D3-9639-7C111C9B817A}.Debug|x64.Build.0 = Debug|x64
		{1B24ECA2-57ED-48D3-9639-7C111C9B817A}.Debug|x86.ActiveCfg = Debug|x86
		{1B24ECA2-57ED-48D3-9639-7C111C9B817A}.Debug|x86.Build.0 = Debug|x86
		{1B24ECA2-57ED-48D3-9639-7C111C9B817A}.Release|Any CPU.ActiveCfg = Release|x86
		{1B24ECA2-57ED-48D3-9639-7C111C9B817A}.Release|x64.ActiveCfg = Release|x64
		{1B24ECA2-57ED-48D3-9639-7C111C9B817A}.Release|x64.Build.0 = Release|x64
		{1B24ECA2-57ED-48D3-9639-7C111C9B817A}.Release|x86.ActiveCfg = Release|x86
		{1B24ECA2-57ED-48D3-9639-7C111C9B817A}.Release|x86.Build.0 = Release|x86
		{784A24F2-9A57-46EE-8945-D87869595216}.Debug|Any CPU.ActiveCfg = Debug|x86
		{784A24F2-9A57-46EE-8945-D87869595216}.Debug|x64.ActiveCfg = Debug|x64
		{784A24F2-9A57-46EE-8945-D87869595216}.Debug|x64.Build.0 = Debug|x64
		{784A24F2-9A57-46EE-8945-D87869595216}.Debug|x86.ActiveCfg = Debug|x86
		{784A24F2-9A57-46EE-8945-D87869595216}.Debug|x86.Build.0 = Debug|x86
		{784A24F2-9A57-46EE-8945-D87869595216}.Release|Any CPU.ActiveCfg = Release|x86
		{784A24F2-9A57-46EE-8945-D87869595216}.Release|x64.ActiveCfg = Release|x64
		{784A24F2-9A57-46EE-8945-D87869595216}.Release|x64.Build.0 = Release|x64
		{784A24F2-9A57-46EE-8945-D87869595216}.Release|x86.ActiveCfg = Release|x86
		{784A24F2-9A57-46EE-8945-D87869595216}.Release|x86.Build.0 = Release|x86
		{54BB55DA-DBDC-47E5-8DEC-DE325F35F074}.Debug|Any CPU.ActiveCfg = Debug|x86
		{54BB55DA-DBDC-47E5-8DEC-DE325F35F074}.Debug|x64.ActiveCfg = Debug|x64
		{54BB55DA-DBDC-47E5-8DEC-DE325F35F074}.Debug|x64.Build.0 = Debug|x64
		{54BB55DA-DBDC-47E5-8DEC-DE325F35F074}.Debug|x86.ActiveCfg = Debug|x86
		{54BB55DA-DBDC-47E5-8DEC-DE325F35F074}.Debug|x86.Build.0 = Debug|x86
		{54BB55DA-DBDC-47E5-8DEC-DE325F35F074}.Release|Any CPU.ActiveCfg = Release|x86
		{54BB55DA-DBDC-47E5-8DEC-DE325F35F074}.Release|x64.ActiveCfg = Release|x64
		{54BB55DA-DBDC-47E5-8DEC-DE325F35F074}.Release|x64.Build.0 = Release|x64
		{54BB55DA-DBDC-47E5-8DEC-DE325F35F074}.Release|x86.ActiveCfg = Release|x86
		{54BB55DA-DBDC-47E5-8DEC-DE325F35F074}.Release|x86.Build.0 = Release|x86
		{193010C4-9BDE-42A3-A960-0B39700A9DE1}.Debug|Any CPU.ActiveCfg = Debug|x86
		{193010C4-9BDE-42A3-A960-0B39700A9DE1}.Debug|x64.ActiveCfg = Debug|x64
		{193010C4-9BDE-42A3-A960-0B39700A9DE1}.Debug|x64.Build.0 = Debug|x64
		{193010C4-9BDE-42A3-A960-0B39700A9DE1}.Debug|x86.ActiveCfg = Debug|x86
		{193010C4-9BDE-42A3-A960-0B39700A9DE1}.Debug|x86.Build.0 = Debug|x86
		{193010C4-9BDE-42A3-A960-0B39700A9DE1}.Release|Any CPU.ActiveCfg = Release|x86
		{193010C4-9BDE-42A3-A960-0B39700A9DE1}.Release|x64.ActiveCfg = Release|x64
		{193010C4-9BDE-42A3-A960-0B39700A9DE1}.Release|x64.Build.0 = Release|x64
		{193010C4-9BDE-42A3-A960-0B39700A9DE1}.Release|x86.ActiveCfg = Release|x86
		{193010C4-9BDE-42A3-A960-0B39700A9DE1}.Release|x86.Build.0 = Release|x86
		{D48B6E30-3A26-4D99-8747-21F65C358D84}.Debug|Any CPU.ActiveCfg = Debug|x86
		{D48B6E30-3A26-4D99-8747-21F65C358D84}.Debug|x64.ActiveCfg = Debug|x64
		{D48B6E30-3A26-4D99-8747-21F65C358D84}.Debug|x64.Build.0 = Debug|x64
		{D48B6E30-3A26-4D99-8747-21F65C358D84}.Debug|x86.ActiveCfg = Debug|x86
		{D48B6E30-3A26-4D99-8747-21F65C358D84}.Debug|x86.Build.0 = Debug|x86
		{D48B6E30-3A26-4D99-8747-21F65C358D84}.Release|Any CPU.ActiveCfg = Release|x86
		{D48B6E30-3A26-4D99-8747-21F65C358D84}.Release|x64.ActiveCfg = Release|x64
		{D48B6E30-3A26-4D99-8747-21F65C358D84}.Release|x86.ActiveCfg = Release|x86
		{740CFD6A-F838-46EF-B6A8-8F9FE4FA991F}.Debug|Any CPU.ActiveCfg = Debug|x86
		{740CFD6A-F838-46EF-B6A8-8F9FE4FA991F}.Debug|x64.ActiveCfg = Debug|x64
		{740CFD6A-F838-46EF-B6A8-8F9FE4FA991F}.Debug|x64.Build.0 = Debug|x64
		{740CFD6A-F838-46EF-B6A8-8F9FE4FA991F}.Debug|x86.ActiveCfg = Debug|x86
		{740CFD6A-F838-46EF-B6A8-8F9FE4FA991F}.Debug|x86.Build.0 = Debug|x86
		{740CFD6A-F838-46EF-B6A8-8F9FE4FA991F}.Release|Any CPU.ActiveCfg = Release|x86
		{740CFD6A-F838-46EF-B6A8-8F9FE4FA991F}.Release|x64.ActiveCfg = Release|x64
		{740CFD6A-F838-46EF-B6A8-8F9FE4FA991F}.Release|x86.ActiveCfg = Release|x86
		{1BD04FE1-16AD-41F9-8F80-485925E407DD}.Debug|Any CPU.ActiveCfg = Debug|x86
		{1BD04FE1-16AD-41F9-8F80-485925E407DD}.Debug|x64.ActiveCfg = Debug|x64
		{1BD04FE1-16AD-41F9-8F80-485925E407DD}.Debug|x64.Build.0 = Debug|x64
		{1BD04FE1-16AD-41F9-8F80-485925E407DD}.Debug|x86.ActiveCfg = Debug|x86
		{1BD04FE1-16AD-41F9-8F80-485925E407DD}.Debug|x86.Build.0 = Debug|x86
		{1BD04FE1-16AD-41F9-8F80-485925E407DD}.Release|Any CPU.ActiveCfg = Release|x86
		{1BD04FE1-16AD-41F9-8F80-485925E407DD}.Release|x64.ActiveCfg = Release|x64
		{1BD04FE1-16AD-41F9-8F80-485925E407DD}.Release|x64.Build.0 = Release|x64
		{1BD04FE1-16AD-41F9-8F80-485925E407DD}.Release|x86.ActiveCfg = Release|x86
		{1BD04FE1-16AD-41F9-8F80-485925E407DD}.Release|x86.Build.0 = Release|x86
		{9D084FD3-2BA3-4ECF-891C-87772345D7E8}.Debug|Any CPU.ActiveCfg = Debug|x86
		{9D084FD3-2BA3-4ECF-891C-87772345D7E8}.Debug|x64.ActiveCfg = Debug|x64
		{9D084FD3-2BA3-4ECF-891C-87772345D7E8}.Debug|x64.Build.0 = Debug|x64
		{9D084FD3-2BA3-4ECF-891C-87772345D7E8}.Debug|x86.ActiveCfg = Debug|x86
		{9D084FD3-2BA3-4ECF-891C-87772345D7E8}.Debug|x86.Build.0 = Debug|x86
		{9D084FD3-2BA3-4ECF-891C-87772345D7E8}.Release|Any CPU.ActiveCfg = Release|x86
		{9D084FD3-2BA3-4ECF-891C-87772345D7E8}.Release|x64.ActiveCfg = Release|x64
		{9D084FD3-2BA3-4ECF-891C-87772345D7E8}.Release|x86.ActiveCfg = Release|x86
		{D6AD6FF4-56BC-4929-9AF7-256D0E5A5F0D}.Debug|Any CPU.ActiveCfg = Debug|x86
		{D6AD6FF4-56BC-4929-9AF7-256D0E5A5F0D}.Debug|x64.ActiveCfg = Debug|x64
		{D6AD6FF4-56BC-4929-9AF7-256D0E5A5F0D}.Debug|x64.Build.0 = Debug|x64
		{D6AD6FF4-56BC-4929-9AF7-256D0E5A5F0D}.Debug|x86.ActiveCfg = Debug|x86
		{D6AD6FF4-56BC-4929-9AF7-256D0E5A5F0D}.Debug|x86.Build.0 = Debug|x86
		{D6AD6FF4-56BC-4929-9AF7-256D0E5A5F0D}.Release|Any CPU.ActiveCfg = Release|x86
		{D6AD6FF4-56BC-4929-9AF7-256D0E5A5F0D}.Release|x64.ActiveCfg = Release|x64
		{D6AD6FF4-56BC-4929-9AF7-256D0E5A5F0D}.Release|x64.Build.0 = Release|x64
		{D6AD6FF4-56BC-4929-9AF7-256D0E5A5F0D}.Release|x86.ActiveCfg = Release|x86
		{D6AD6FF4-56BC-4929-9AF7-256D0E5A5F0D}.Release|x86.Build.0 = Release|x86
		{C364E06F-9A33-4BAE-8C19-E9CEE95A1205}.Debug|Any CPU.ActiveCfg = Debug|x86
		{C364E06F-9A33-4BAE-8C19-E9CEE95A1205}.Debug|x64.ActiveCfg = Debug|x64
		{C364E06F-9A33-4BAE-8C19-E9CEE95A1205}.Debug|x64.Build.0 = Debug|x64
		{C364E06F-9A33-4BAE-8C19-E9CEE95A1205}.Debug|x86.ActiveCfg = Debug|x86
		{C364E06F-9A33-4BAE-8C19-E9CEE95A1205}.Debug|x86.Build.0 = Debug|x86
		{C364E06F-9A33-4BAE-8C19-E9CEE95A1205}.Release|Any CPU.ActiveCfg = Release|x86
		{C364E06F-9A33-4BAE-8C19-E9CEE95A1205}.Release|x64.ActiveCfg = Release|x64
		{C364E06F-9A33-4BAE-8C19-E9CEE95A1205}.Release|x64.Build.0 = Release|x64
		{C364E06F-9A33-4BAE-8C19-E9CEE95A1205}.Release|x86.ActiveCfg = Release|x86
		{C364E06F-9A33-4BAE-8C19-E9CEE95A1205}.Release|x86.Build.0 = Release|x86
		{207ACB9D-605C-4FB0-8BFE-3E07FBA93188}.Debug|Any CPU.ActiveCfg = Debug|x86
		{207ACB9D-605C-4FB0-8BFE-3E07FBA93188}.Debug|x64.ActiveCfg = Debug|x64
		{207ACB9D-605C-4FB0-8BFE-3E07FBA93188}.Debug|x64.Build.0 = Debug|x64
		{207ACB9D-605C-4FB0-8BFE-3E07FBA93188}.Debug|x86.ActiveCfg = Debug|x86
		{207ACB9D-605C-4FB0-8BFE-3E07FBA93188}.Debug|x86.Build.0 = Debug|x86
		{207ACB9D-605C-4FB0-8BFE-3E07FBA93188}.Release|Any CPU.ActiveCfg = Release|x86
		{207ACB9D-605C-4FB0-8BFE-3E07FBA93188}.Release|x64.ActiveCfg = Release|x64
		{207ACB9D-605C-4FB0-8BFE-3E07FBA93188}.Release|x64.Build.0 = Release|x64
		{207ACB9D-605C-4FB0-8BFE-3E07FBA93188}.Release|x86.ActiveCfg = Release|x86
		{207ACB9D-605C-4FB0-8BFE-3E07FBA93188}.Release|x86.Build.0 = Release|x86
		{DD259453-611A-4AD5-878E-385CB2C89DF5}.Debug|Any CPU.ActiveCfg = Debug|x86
		{DD259453-611A-4AD5-878E-385CB2C89DF5}.Debug|x64.ActiveCfg = Debug|x64
		{DD259453-611A-4AD5-878E-385CB2C89DF5}.Debug|x64.Build.0 = Debug|x64
		{DD259453-611A-4AD5-878E-385CB2C89DF5}.Debug|x86.ActiveCfg = Debug|x86
		{DD259453-611A-4AD5-878E-385CB2C89DF5}.Debug|x86.Build.0 = Debug|x86
		{DD259453-611A-4AD5-878E-385CB2C89DF5}.Release|Any CPU.ActiveCfg = Release|x86
		{DD259453-611A-4AD5-878E-385CB2C89DF5}.Release|x64.ActiveCfg = Release|x64
		{DD259453-611A-4AD5-878E-385CB2C89DF5}.Release|x64.Build.0 = Release|x64
		{DD259453-611A-4AD5-878E-385CB2C89DF5}.Release|x86.ActiveCfg = Release|x86
		{DD259453-611A-4AD5-878E-385CB2C89DF5}.Release|x86.Build.0 = Release|x86
		{1F3B6C70-7250-430A-98AE-4255560F9EB6}.Debug|Any CPU.ActiveCfg = Debug|x86
		{1F3B6C70-7250-430A-98AE-4255560F9EB6}.Debug|x64.ActiveCfg = Debug|x64
		{1F3B6C70-7250-430A-98AE-4255560F9EB6}.Debug|x64.Build.0 = Debug|x64
		{1F3B6C70-7250-430A-98AE-4255560F9EB6}.Debug|x86.ActiveCfg = Debug|x86
		{1F3B6C70-7250-430A-98AE-4255560F9EB6}.Debug|x86.Build.0 = Debug|x86
		{1F3B6C70-7250-430A-98AE-4255560F9EB6}.Release|Any CPU.ActiveCfg = Release|x86
		{1F3B6C70-7250-430A-98AE-4255560F9EB6}.Release|x64.ActiveCfg = Release|x64
		{1F3B6C70-7250-430A-98AE-4255560F9EB6}.Release|x64.Build.0 = Release|x64
		{1F3B6C70-7250-430A-98AE-4255560F9EB6}.Release|x86.ActiveCfg = Release|x86
		{1F3B6C70-7250-430A-98AE-4255560F9EB6}.Release|x86.Build.0 = Release|x86
		{12476697-03B6-4944-92C1-AE7214A13F0B}.Debug|Any CPU.ActiveCfg = Debug|x86
		{12476697-03B6-4944-92C1-AE7214A13F0B}.Debug|x64.ActiveCfg = Debug|x64
		{12476697-03B6-4944-92C1-AE7214A13F0B}.Debug|x64.Build.0 = Debug|x64
		{12476697-03B6-4944-92C1-AE7214A13F0B}.Debug|x86.ActiveCfg = Debug|x86
		{12476697-03B6-4944-92C1-AE7214A13F0B}.Debug|x86.Build.0 = Debug|x86
		{12476697-03B6-4944-92C1-AE7214A13F0B}.Release|Any CPU.ActiveCfg = Release|x86
		{12476697-03B6-4944-92C1-AE7214A13F0B}.Release|x64.ActiveCfg = Release|x64
		{12476697-03B6-4944-92C1-AE7214A13F0B}.Release|x64.Build.0 = Release|x64
		{12476697-03B6-4944-92C1-AE7214A13F0B}.Release|x86.ActiveCfg = Release|x86
		{12476697-03B6-4944-92C1-AE7214A13F0B}.Release|x86.Build.0 = Release|x86
		{79400594-DE0D-4FFD-B115-AF2AEAC79CD9}.Debug|Any CPU.ActiveCfg = Debug|x86
		{79400594-DE0D-4FFD-B115-AF2AEAC79CD9}.Debug|x64.ActiveCfg = Debug|x64
		{79400594-DE0D-4FFD-B115-AF2AEAC79CD9}.Debug|x64.Build.0 = Debug|x64
		{79400594-DE0D-4FFD-B115-AF2AEAC79CD9}.Debug|x86.ActiveCfg = Debug|x86
		{79400594-DE0D-4FFD-B115-AF2AEAC79CD9}.Debug|x86.Build.0 = Debug|x86
		{79400594-DE0D-4FFD-B115-AF2AEAC79CD9}.Release|Any CPU.ActiveCfg = Release|x86
		{79400594-DE0D-4FFD-B115-AF2AEAC79CD9}.Release|x64.ActiveCfg = Release|x64
		{79400594-DE0D-4FFD-B115-AF2AEAC79CD9}.Release|x64.Build.0 = Release|x64
		{79400594-DE0D-4FFD-B115-AF2AEAC79CD9}.Release|x86.ActiveCfg = Release|x86
		{79400594-DE0D-4FFD-B115-AF2AEAC79CD9}.Release|x86.Build.0 = Release|x86
		{FB836BB0-2668-41E6-A4AD-7798B13C327F}.Debug|Any CPU.ActiveCfg = Debug|x86
		{FB836BB0-2668-41E6-A4AD-7798B13C327F}.Debug|x64.ActiveCfg = Debug|x64
		{FB836BB0-2668-41E6-A4AD-7798B13C327F}.Debug|x64.Build.0 = Debug|x64
		{FB836BB0-2668-41E6-A4AD-7798B13C327F}.Debug|x86.ActiveCfg = Debug|x86
		{FB836BB0-2668-41E6-A4AD-7798B13C327F}.Debug|x86.Build.0 = Debug|x86
		{FB836BB0-2668-41E6-A4AD-7798B13C327F}.Release|Any CPU.ActiveCfg = Release|x86
		{FB836BB0-2668-41E6-A4AD-7798B13C327F}.Release|x64.ActiveCfg = Release|x64
		{FB836BB0-2668-41E6-A4AD-7798B13C327F}.Release|x64.Build.0 = Release|x64
		{FB836BB0-2668-41E6-A4AD-7798B13C327F}.Release|x86.ActiveCfg = Release|x86
		{FB836BB0-2668-41E6-A4AD-7798B13C327F}.Release|x86.Build.0 = Release|x86
		{CD714868-A96A-41E6-8679-DBB28E04B349}.Debug|Any CPU.ActiveCfg = Debug|x86
		{CD714868-A96A-41E6-8679-DBB28E04B349}.Debug|x64.ActiveCfg = Debug|x64
		{CD714868-A96A-41E6-8679-DBB28E04B349}.Debug|x64.Build.0 = Debug|x64
		{CD714868-A96A-41E6-8679-DBB28E04B349}.Debug|x86.ActiveCfg = Debug|x86
		{CD714868-A96A-41E6-8679-DBB28E04B349}.Debug|x86.Build.0 = Debug|x86
		{CD714868-A96A-41E6-8679-DBB28E04B349}.Release|Any CPU.ActiveCfg = Release|x86
		{CD714868-A96A-41E6-8679-DBB28E04B349}.Release|x64.ActiveCfg = Release|x64
		{CD714868-A96A-41E6-8679-DBB28E04B349}.Release|x64.Build.0 = Release|x64
		{CD714868-A96A-41E6-8679-DBB28E04B349}.Release|x86.ActiveCfg = Release|x86
		{CD714868-A96A-41E6-8679-DBB28E04B349}.Release|x86.Build.0 = Release|x86
		{9ECEB23D-EE57-432E-A180-A73D43218E87}.Debug|Any CPU.ActiveCfg = Debug|x86
		{9ECEB23D-EE57-432E-A180-A73D43218E87}.Debug|x64.ActiveCfg = Debug|x64
		{9ECEB23D-EE57-432E-A180-A73D43218E87}.Debug|x86.ActiveCfg = Debug|x86
		{9ECEB23D-EE57-432E-A180-A73D43218E87}.Release|Any CPU.ActiveCfg = Release|x86
		{9ECEB23D-EE57-432E-A180-A73D43218E87}.Release|x64.ActiveCfg = Release|x64
		{9ECEB23D-EE57-432E-A180-A73D43218E87}.Release|x64.Build.0 = Release|x64
		{9ECEB23D-EE57-432E-A180-A73D43218E87}.Release|x86.ActiveCfg = Release|x86
		{9ECEB23D-EE57-432E-A180-A73D43218E87}.Release|x86.Build.0 = Release|x86
		{A8D9AB62-5BA6-46CF-B3E7-51DA79CD3860}.Debug|Any CPU.ActiveCfg = Debug|x86
		{A8D9AB62-5BA6-46CF-B3E7-51DA79CD3860}.Debug|x64.ActiveCfg = Debug|x64
		{A8D9AB62-5BA6-46CF-B3E7-51DA79CD3860}.Debug|x86.ActiveCfg = Debug|x86
		{A8D9AB62-5BA6-46CF-B3E7-51DA79CD3860}.Release|Any CPU.ActiveCfg = Release|x86
		{A8D9AB62-5BA6-46CF-B3E7-51DA79CD3860}.Release|x64.ActiveCfg = Release|x64
		{A8D9AB62-5BA6-46CF-B3E7-51DA79CD3860}.Release|x86.ActiveCfg = Release|x86
		{6AF734F1-2CD0-4636-88E2-EF2DAFA241F8}.Debug|Any CPU.ActiveCfg = Debug|x86
		{6AF734F1-2CD0-4636-88E2-EF2DAFA241F8}.Debug|x64.ActiveCfg = Debug|x64
		{6AF734F1-2CD0-4636-88E2-EF2DAFA241F8}.Debug|x64.Build.0 = Debug|x64
		{6AF734F1-2CD0-4636-88E2-EF2DAFA241F8}.Debug|x86.ActiveCfg = Debug|x86
		{6AF734F1-2CD0-4636-88E2-EF2DAFA241F8}.Debug|x86.Build.0 = Debug|x86
		{6AF734F1-2CD0-4636-88E2-EF2DAFA241F8}.Release|Any CPU.ActiveCfg = Release|x86
		{6AF734F1-2CD0-4636-88E2-EF2DAFA241F8}.Release|x64.ActiveCfg = Release|x64
		{6AF734F1-2CD0-4636-88E2-EF2DAFA241F8}.Release|x64.Build.0 = Release|x64
		{6AF734F1-2CD0-4636-88E2-EF2DAFA241F8}.Release|x86.ActiveCfg = Release|x86
		{6AF734F1-2CD0-4636-88E2-EF2DAFA241F8}.Release|x86.Build.0 = Release|x86
		{75AF36A8-7797-4023-B183-5B63D448420A}.Debug|Any CPU.ActiveCfg = Debug|x86
		{75AF36A8-7797-4023-B183-5B63D448420A}.Debug|x64.ActiveCfg = Debug|x64
		{75AF36A8-7797-4023-B183-5B63D448420A}.Debug|x64.Build.0 = Debug|x64
		{75AF36A8-7797-4023-B183-5B63D448420A}.Debug|x86.ActiveCfg = Debug|x86
		{75AF36A8-7797-4023-B183-5B63D448420A}.Debug|x86.Build.0 = Debug|x86
		{75AF36A8-7797-4023-B183-5B63D448420A}.Release|Any CPU.ActiveCfg = Release|x86
		{75AF36A8-7797-4023-B183-5B63D448420A}.Release|x64.ActiveCfg = Release|x64
		{75AF36A8-7797-4023-B183-5B63D448420A}.Release|x64.Build.0 = Release|x64
		{75AF36A8-7797-4023-B183-5B63D448420A}.Release|x86.ActiveCfg = Release|x86
		{75AF36A8-7797-4023-B183-5B63D448420A}.Release|x86.Build.0 = Release|x86
		{48A39A36-1485-4FB9-A8F3-A7E68FAFC595}.Debug|Any CPU.ActiveCfg = Debug|x86
		{48A39A36-1485-4FB9-A8F3-A7E68FAFC595}.Debug|x64.ActiveCfg = Debug|x64
		{48A39A36-1485-4FB9-A8F3-A7E68FAFC595}.Debug|x64.Build.0 = Debug|x64
		{48A39A36-1485-4FB9-A8F3-A7E68FAFC595}.Debug|x86.ActiveCfg = Debug|x86
		{48A39A36-1485-4FB9-A8F3-A7E68FAFC595}.Debug|x86.Build.0 = Debug|x86
		{48A39A36-1485-4FB9-A8F3-A7E68FAFC595}.Release|Any CPU.ActiveCfg = Release|x86
		{48A39A36-1485-4FB9-A8F3-A7E68FAFC595}.Release|x64.ActiveCfg = Release|x64
		{48A39A36-1485-4FB9-A8F3-A7E68FAFC595}.Release|x86.ActiveCfg = Release|x86
		{ADEEF162-77EB-48ED-AF35-CB6A00C55B42}.Debug|Any CPU.ActiveCfg = Debug|x86
		{ADEEF162-77EB-48ED-AF35-CB6A00C55B42}.Debug|x64.ActiveCfg = Debug|x64
		{ADEEF162-77EB-48ED-AF35-CB6A00C55B42}.Debug|x64.Build.0 = Debug|x64
		{ADEEF162-77EB-48ED-AF35-CB6A00C55B42}.Debug|x86.ActiveCfg = Debug|x86
		{ADEEF162-77EB-48ED-AF35-CB6A00C55B42}.Debug|x86.Build.0 = Debug|x86
		{ADEEF162-77EB-48ED-AF35-CB6A00C55B42}.Release|Any CPU.ActiveCfg = Release|x86
		{ADEEF162-77EB-48ED-AF35-CB6A00C55B42}.Release|x64.ActiveCfg = Release|x64
		{ADEEF162-77EB-48ED-AF35-CB6A00C55B42}.Release|x64.Build.0 = Release|x64
		{ADEEF162-77EB-48ED-AF35-CB6A00C55B42}.Release|x86.ActiveCfg = Release|x86
		{ADEEF162-77EB-48ED-AF35-CB6A00C55B42}.Release|x86.Build.0 = Release|x86
		{80AF2BDB-F74A-480F-84C3-913953BAAE67}.Debug|Any CPU.ActiveCfg = Debug|x86
		{80AF2BDB-F74A-480F-84C3-913953BAAE67}.Debug|x64.ActiveCfg = Debug|x64
		{80AF2BDB-F74A-480F-84C3-913953BAAE67}.Debug|x64.Build.0 = Debug|x64
		{80AF2BDB-F74A-480F-84C3-913953BAAE67}.Debug|x86.ActiveCfg = Debug|x86
		{80AF2BDB-F74A-480F-84C3-913953BAAE67}.Debug|x86.Build.0 = Debug|x86
		{80AF2BDB-F74A-480F-84C3-913953BAAE67}.Release|Any CPU.ActiveCfg = Release|x86
		{80AF2BDB-F74A-480F-84C3-913953BAAE67}.Release|x64.ActiveCfg = Release|x64
		{80AF2BDB-F74A-480F-84C3-913953BAAE67}.Release|x64.Build.0 = Release|x64
		{80AF2BDB-F74A-480F-84C3-913953BAAE67}.Release|x86.ActiveCfg = Release|x86
		{80AF2BDB-F74A-480F-84C3-913953BAAE67}.Release|x86.Build.0 = Release|x86
		{01A845C6-D391-4258-81B0-C6ABF23D3364}.Debug|Any CPU.ActiveCfg = Debug|x86
		{01A845C6-D391-4258-81B0-C6ABF23D3364}.Debug|x64.ActiveCfg = Debug|x64
		{01A845C6-D391-4258-81B0-C6ABF23D3364}.Debug|x64.Build.0 = Debug|x64
		{01A845C6-D391-4258-81B0-C6ABF23D3364}.Debug|x86.ActiveCfg = Debug|x86
		{01A845C6-D391-4258-81B0-C6ABF23D3364}.Debug|x86.Build.0 = Debug|x86
		{01A845C6-D391-4258-81B0-C6ABF23D3364}.Release|Any CPU.ActiveCfg = Release|x86
		{01A845C6-D391-4258-81B0-C6ABF23D3364}.Release|x64.ActiveCfg = Release|x64
		{01A845C6-D391-4258-81B0-C6ABF23D3364}.Release|x64.Build.0 = Release|x64
		{01A845C6-D391-4258-81B0-C6ABF23D3364}.Release|x86.ActiveCfg = Release|x86
		{01A845C6-D391-4258-81B0-C6ABF23D3364}.Release|x86.Build.0 = Release|x86
		{2F64E258-741E-42E2-919D-63F4855F0115}.Debug|Any CPU.ActiveCfg = Debug|x86
		{2F64E258-741E-42E2-919D-63F4855F0115}.Debug|x64.ActiveCfg = Debug|x64
		{2F64E258-741E-42E2-919D-63F4855F0115}.Debug|x64.Build.0 = Debug|x64
		{2F64E258-741E-42E2-919D-63F4855F0115}.Debug|x86.ActiveCfg = Debug|x86
		{2F64E258-741E-42E2-919D-63F4855F0115}.Debug|x86.Build.0 = Debug|x86
		{2F64E258-741E-42E2-919D-63F4855F0115}.Release|Any CPU.ActiveCfg = Release|x86
		{2F64E258-741E-42E2-919D-63F4855F0115}.Release|x64.ActiveCfg = Release|x64
		{2F64E258-741E-42E2-919D-63F4855F0115}.Release|x64.Build.0 = Release|x64
		{2F64E258-741E-42E2-919D-63F4855F0115}.Release|x86.ActiveCfg = Release|x86
		{2F64E258-741E-42E2-919D-63F4855F0115}.Release|x86.Build.0 = Release|x86
		{F410C458-610D-4C33-BDA8-93EFFCEBB0C5}.Debug|Any CPU.ActiveCfg = Debug|Any CPU
		{F410C458-610D-4C33-BDA8-93EFFCEBB0C5}.Debug|Any CPU.Build.0 = Debug|Any CPU
		{F410C458-610D-4C33-BDA8-93EFFCEBB0C5}.Debug|x64.ActiveCfg = Debug|x64
		{F410C458-610D-4C33-BDA8-93EFFCEBB0C5}.Debug|x64.Build.0 = Debug|x64
		{F410C458-610D-4C33-BDA8-93EFFCEBB0C5}.Debug|x86.ActiveCfg = Debug|x86
		{F410C458-610D-4C33-BDA8-93EFFCEBB0C5}.Debug|x86.Build.0 = Debug|x86
		{F410C458-610D-4C33-BDA8-93EFFCEBB0C5}.Release|Any CPU.ActiveCfg = Release|Any CPU
		{F410C458-610D-4C33-BDA8-93EFFCEBB0C5}.Release|Any CPU.Build.0 = Release|Any CPU
		{F410C458-610D-4C33-BDA8-93EFFCEBB0C5}.Release|x64.ActiveCfg = Release|x64
		{F410C458-610D-4C33-BDA8-93EFFCEBB0C5}.Release|x64.Build.0 = Release|x64
		{F410C458-610D-4C33-BDA8-93EFFCEBB0C5}.Release|x86.ActiveCfg = Release|x86
		{F410C458-610D-4C33-BDA8-93EFFCEBB0C5}.Release|x86.Build.0 = Release|x86
		{14ECC1A1-021F-46F4-9C90-247CE49E0ABA}.Debug|Any CPU.ActiveCfg = Debug|Any CPU
		{14ECC1A1-021F-46F4-9C90-247CE49E0ABA}.Debug|Any CPU.Build.0 = Debug|Any CPU
		{14ECC1A1-021F-46F4-9C90-247CE49E0ABA}.Debug|x64.ActiveCfg = Debug|x64
		{14ECC1A1-021F-46F4-9C90-247CE49E0ABA}.Debug|x64.Build.0 = Debug|x64
		{14ECC1A1-021F-46F4-9C90-247CE49E0ABA}.Debug|x86.ActiveCfg = Debug|Any CPU
		{14ECC1A1-021F-46F4-9C90-247CE49E0ABA}.Debug|x86.Build.0 = Debug|Any CPU
		{14ECC1A1-021F-46F4-9C90-247CE49E0ABA}.Release|Any CPU.ActiveCfg = Release|Any CPU
		{14ECC1A1-021F-46F4-9C90-247CE49E0ABA}.Release|Any CPU.Build.0 = Release|Any CPU
		{14ECC1A1-021F-46F4-9C90-247CE49E0ABA}.Release|x64.ActiveCfg = Release|Any CPU
		{14ECC1A1-021F-46F4-9C90-247CE49E0ABA}.Release|x86.ActiveCfg = Release|Any CPU
	EndGlobalSection
	GlobalSection(SolutionProperties) = preSolution
		HideSolutionNode = FALSE
	EndGlobalSection
	GlobalSection(NestedProjects) = preSolution
		{1B24ECA2-57ED-48D3-9639-7C111C9B817A} = {9E2D7F0D-69A6-40B8-BCCF-B22EFE7CE4D1}
		{193010C4-9BDE-42A3-A960-0B39700A9DE1} = {138339FF-2057-4896-A7EE-EDAB4BAEA2F6}
		{D48B6E30-3A26-4D99-8747-21F65C358D84} = {063A0090-3675-43DB-AA46-C282C643D9DF}
		{740CFD6A-F838-46EF-B6A8-8F9FE4FA991F} = {063A0090-3675-43DB-AA46-C282C643D9DF}
		{1BD04FE1-16AD-41F9-8F80-485925E407DD} = {9E2D7F0D-69A6-40B8-BCCF-B22EFE7CE4D1}
		{9D084FD3-2BA3-4ECF-891C-87772345D7E8} = {9E2D7F0D-69A6-40B8-BCCF-B22EFE7CE4D1}
		{D6AD6FF4-56BC-4929-9AF7-256D0E5A5F0D} = {9E2D7F0D-69A6-40B8-BCCF-B22EFE7CE4D1}
		{C364E06F-9A33-4BAE-8C19-E9CEE95A1205} = {9E2D7F0D-69A6-40B8-BCCF-B22EFE7CE4D1}
		{207ACB9D-605C-4FB0-8BFE-3E07FBA93188} = {9E2D7F0D-69A6-40B8-BCCF-B22EFE7CE4D1}
		{1F3B6C70-7250-430A-98AE-4255560F9EB6} = {9E2D7F0D-69A6-40B8-BCCF-B22EFE7CE4D1}
		{CD714868-A96A-41E6-8679-DBB28E04B349} = {9E2D7F0D-69A6-40B8-BCCF-B22EFE7CE4D1}
		{75AF36A8-7797-4023-B183-5B63D448420A} = {C8A7CACA-CF3D-4B3F-8519-A6661479DAC8}
		{48A39A36-1485-4FB9-A8F3-A7E68FAFC595} = {063A0090-3675-43DB-AA46-C282C643D9DF}
		{01A845C6-D391-4258-81B0-C6ABF23D3364} = {9E2D7F0D-69A6-40B8-BCCF-B22EFE7CE4D1}
		{2F64E258-741E-42E2-919D-63F4855F0115} = {9E2D7F0D-69A6-40B8-BCCF-B22EFE7CE4D1}
		{F410C458-610D-4C33-BDA8-93EFFCEBB0C5} = {9E2D7F0D-69A6-40B8-BCCF-B22EFE7CE4D1}
		{14ECC1A1-021F-46F4-9C90-247CE49E0ABA} = {063A0090-3675-43DB-AA46-C282C643D9DF}
	EndGlobalSection
	GlobalSection(ExtensibilityGlobals) = postSolution
		SolutionGuid = {2B507E4B-7671-45FC-AB6A-769C505B0608}
	EndGlobalSection
EndGlobal
